
Microsoft Visual Studio Solution File, Format Version 12.00
# Visual Studio 15
VisualStudioVersion = 15.0.28307.136
MinimumVisualStudioVersion = 10.0.40219.1
Project("{FAE04EC0-301F-11D3-BF4B-00C04F79EFBC}") = "IoTStageClient", "IoTStageClient\IoTStageClient.csproj", "{98CE0AA5-2FC1-4BE2-89B0-BAD923D038A5}"
EndProject
Global
	GlobalSection(SolutionConfigurationPlatforms) = preSolution
		Debug|Any CPU = Debug|Any CPU
		Release|Any CPU = Release|Any CPU
	EndGlobalSection
	GlobalSection(ProjectConfigurationPlatforms) = postSolution
		{98CE0AA5-2FC1-4BE2-89B0-BAD923D038A5}.Debug|Any CPU.ActiveCfg = Debug|Any CPU
		{98CE0AA5-2FC1-4BE2-89B0-BAD923D038A5}.Debug|Any CPU.Build.0 = Debug|Any CPU
		{98CE0AA5-2FC1-4BE2-89B0-BAD923D038A5}.Release|Any CPU.ActiveCfg = Release|Any CPU
		{98CE0AA5-2FC1-4BE2-89B0-BAD923D038A5}.Release|Any CPU.Build.0 = Release|Any CPU
	EndGlobalSection
	GlobalSection(SolutionProperties) = preSolution
		HideSolutionNode = FALSE
	EndGlobalSection
	GlobalSection(ExtensibilityGlobals) = postSolution
		SolutionGuid = {45ABFAE7-CDF3-486D-9A74-BB554A5B6C07}
	EndGlobalSection
EndGlobal
